
Microsoft Visual Studio Solution File, Format Version 12.00
# Visual Studio Version 17
VisualStudioVersion = 17.4.33403.182
MinimumVisualStudioVersion = 10.0.40219.1
Project("{FAE04EC0-301F-11D3-BF4B-00C04F79EFBC}") = "Group1_5_FagelGamous", "Group1_5_FagelGamous.csproj", "{2FC8B79F-E7BE-40BD-A80D-38658D45B8AB}"
EndProject
Global
	GlobalSection(SolutionConfigurationPlatforms) = preSolution
		Debug|Any CPU = Debug|Any CPU
		Release|Any CPU = Release|Any CPU
	EndGlobalSection
	GlobalSection(ProjectConfigurationPlatforms) = postSolution
		{2FC8B79F-E7BE-40BD-A80D-38658D45B8AB}.Debug|Any CPU.ActiveCfg = Debug|Any CPU
		{2FC8B79F-E7BE-40BD-A80D-38658D45B8AB}.Debug|Any CPU.Build.0 = Debug|Any CPU
		{2FC8B79F-E7BE-40BD-A80D-38658D45B8AB}.Release|Any CPU.ActiveCfg = Release|Any CPU
		{2FC8B79F-E7BE-40BD-A80D-38658D45B8AB}.Release|Any CPU.Build.0 = Release|Any CPU
	EndGlobalSection
	GlobalSection(SolutionProperties) = preSolution
		HideSolutionNode = FALSE
	EndGlobalSection
	GlobalSection(ExtensibilityGlobals) = postSolution
		SolutionGuid = {789BDA6C-90F2-4F38-81E8-FC130CD326B2}
	EndGlobalSection
EndGlobal
